# @generated by Move, please check-in and do not edit manually.

[move]
version = 3
manifest_digest = "B643C34D901029252E3C9B5260BB6D005FC1EA9A939F114AB16D7D43731C5D50"
deps_digest = "F8BBB0CCB2491CA29A3DF03D6F92277A4F3574266507ACD77214D37ECA3F3082"
dependencies = [
  { id = "Sui", name = "Sui" },
]

[[move.package]]
id = "MoveStdlib"
source = { git = "https://github.com/MystenLabs/sui.git", rev = "framework/testnet", subdir = "crates/sui-framework/packages/move-stdlib" }

[[move.package]]
id = "Sui"
source = { git = "https://github.com/MystenLabs/sui.git", rev = "framework/testnet", subdir = "crates/sui-framework/packages/sui-framework" }

dependencies = [
  { id = "MoveStdlib", name = "MoveStdlib" },
]

[move.toolchain-version]
compiler-version = "1.61.1"
edition = "2024"
flavor = "sui"

[env]

[env.testnet]
chain-id = "4c78adac"
original-published-id = "0xeeb9af6e3ec0c4f2cbdd5e7f6a33cb1a2e789d1aee3cd88d69e639e62ae7598b"
latest-published-id = "0xeeb9af6e3ec0c4f2cbdd5e7f6a33cb1a2e789d1aee3cd88d69e639e62ae7598b"
published-version = "1"
